
Microsoft Visual Studio Solution File, Format Version 12.00
# Visual Studio Version 17
VisualStudioVersion = 17.4.33103.184
MinimumVisualStudioVersion = 10.0.40219.1
Project("{FAE04EC0-301F-11D3-BF4B-00C04F79EFBC}") = "Problem_Solving_in_Data_Structures_and_Algorithms", "Problem_Solving_in_Data_Structures_and_Algorithms\Problem_Solving_in_Data_Structures_and_Algorithms.csproj", "{3CED7510-CF54-4220-9C3B-A6A91A2A0890}"
EndProject
Global
	GlobalSection(SolutionConfigurationPlatforms) = preSolution
		Debug|Any CPU = Debug|Any CPU
		Release|Any CPU = Release|Any CPU
	EndGlobalSection
	GlobalSection(ProjectConfigurationPlatforms) = postSolution
		{3CED7510-CF54-4220-9C3B-A6A91A2A0890}.Debug|Any CPU.ActiveCfg = Debug|Any CPU
		{3CED7510-CF54-4220-9C3B-A6A91A2A0890}.Debug|Any CPU.Build.0 = Debug|Any CPU
		{3CED7510-CF54-4220-9C3B-A6A91A2A0890}.Release|Any CPU.ActiveCfg = Release|Any CPU
		{3CED7510-CF54-4220-9C3B-A6A91A2A0890}.Release|Any CPU.Build.0 = Release|Any CPU
	EndGlobalSection
	GlobalSection(SolutionProperties) = preSolution
		HideSolutionNode = FALSE
	EndGlobalSection
	GlobalSection(ExtensibilityGlobals) = postSolution
		SolutionGuid = {CF25BC03-AF81-4353-9986-E8083D006587}
	EndGlobalSection
EndGlobal
